{
  "version": 4,
  "terraform_version": "1.4.6",
  "serial": 44,
  "lineage": "19717351-eac5-4844-7a30-a2e4cd59e8df",
  "outputs": {},
  "resources": [
    {
      "mode": "managed",
      "type": "google_access_context_manager_access_level",
      "name": "org_level_access_policy_access_level",
      "provider": "provider[\"registry.terraform.io/hashicorp/google\"]",
      "instances": []
    },
    {
      "mode": "managed",
      "type": "google_access_context_manager_access_policy",
      "name": "org_level_access_policy",
      "provider": "provider[\"registry.terraform.io/hashicorp/google\"]",
      "instances": [
        {
          "status": "tainted",
          "schema_version": 0,
          "attributes": {
            "create_time": null,
            "id": "638393685288",
            "name": "638393685288",
            "parent": "organizations/682829993557",
            "scopes": null,
            "timeouts": null,
            "title": "org_level_access_policy",
            "update_time": null
          },
          "sensitive_attributes": [],
          "private": "eyJlMmJmYjczMC1lY2FhLTExZTYtOGY4OC0zNDM2M2JjN2M0YzAiOnsiY3JlYXRlIjoxMjAwMDAwMDAwMDAwLCJkZWxldGUiOjEyMDAwMDAwMDAwMDAsInVwZGF0ZSI6MTIwMDAwMDAwMDAwMH19"
        }
      ]
    },
    {
      "mode": "managed",
      "type": "google_access_context_manager_service_perimeter",
      "name": "perimeter_using_org_level_access_policy",
      "provider": "provider[\"registry.terraform.io/hashicorp/google\"]",
      "instances": []
    }
  ],
  "check_results": null
}
